PODS:
  - Alamofire (4.7.2)
  - PullToRefresher (3.0.2)
  - SDWebImage (4.4.1):
    - SDWebImage/Core (= 4.4.1)
  - SDWebImage/Core (4.4.1)

DEPENDENCIES:
  - Alamofire (= 4.7.2)
  - PullToRefresher (= 3.0.2)
  - SDWebImage (= 4.4.1)

SPEC REPOS:
  https://github.com/cocoapods/specs.git:
    - Alamofire
    - PullToRefresher
    - SDWebImage

SPEC CHECKSUMS:
  Alamofire: e4fa87002c137ba2d8d634d2c51fabcda0d5c223
  PullToRefresher: 25a367871a70b1da0b28e8e7cecceb4ef04f5f56
  SDWebImage: 47e9b5b925cbce75946c23f0c42dd19464189af4

PODFILE CHECKSUM: 56abf5087d7213d49f0e63e5684d5dd308cbd4e6

COCOAPODS: 1.5.3
